
Microsoft Visual Studio Solution File, Format Version 12.00
# Visual Studio Version 17
VisualStudioVersion = 17.9.34607.119
MinimumVisualStudioVersion = 10.0.40219.1
Project("{8BC9CEB8-8B4A-11D0-8D11-00A0C91BC942}") = "dsaLab3", "dsaLab3.vcxproj", "{EC38FA9B-82D6-4549-8E57-DE255230010F}"
EndProject
Global
	GlobalSection(SolutionConfigurationPlatforms) = preSolution
		Debug|x64 = Debug|x64
		Debug|x86 = Debug|x86
		Release|x64 = Release|x64
		Release|x86 = Release|x86
	EndGlobalSection
	GlobalSection(ProjectConfigurationPlatforms) = postSolution
		{EC38FA9B-82D6-4549-8E57-DE255230010F}.Debug|x64.ActiveCfg = Debug|x64
		{EC38FA9B-82D6-4549-8E57-DE255230010F}.Debug|x64.Build.0 = Debug|x64
		{EC38FA9B-82D6-4549-8E57-DE255230010F}.Debug|x86.ActiveCfg = Debug|Win32
		{EC38FA9B-82D6-4549-8E57-DE255230010F}.Debug|x86.Build.0 = Debug|Win32
		{EC38FA9B-82D6-4549-8E57-DE255230010F}.Release|x64.ActiveCfg = Release|x64
		{EC38FA9B-82D6-4549-8E57-DE255230010F}.Release|x64.Build.0 = Release|x64
		{EC38FA9B-82D6-4549-8E57-DE255230010F}.Release|x86.ActiveCfg = Release|Win32
		{EC38FA9B-82D6-4549-8E57-DE255230010F}.Release|x86.Build.0 = Release|Win32
	EndGlobalSection
	GlobalSection(SolutionProperties) = preSolution
		HideSolutionNode = FALSE
	EndGlobalSection
	GlobalSection(ExtensibilityGlobals) = postSolution
		SolutionGuid = {E070F96C-9347-4DA4-9A45-35BC92F4CA0C}
	EndGlobalSection
EndGlobal
